
Microsoft Visual Studio Solution File, Format Version 12.00
# Visual Studio Version 16
VisualStudioVersion = 16.0.30114.105
MinimumVisualStudioVersion = 10.0.40219.1
Project("{FAE04EC0-301F-11D3-BF4B-00C04F79EFBC}") = "API", "API\API.csproj", "{08F5C21A-63B0-45A6-895A-70B7B929C993}"
EndProject
Project("{FAE04EC0-301F-11D3-BF4B-00C04F79EFBC}") = "Application", "Application\Application.csproj", "{7FAF3122-D7B0-4EEB-A24A-6CBEF3FCD90B}"
EndProject
Project("{FAE04EC0-301F-11D3-BF4B-00C04F79EFBC}") = "Persistence", "Persistence\Persistence.csproj", "{516CF0E8-CF87-4F0B-A534-DD5B6FC303E1}"
EndProject
Project("{FAE04EC0-301F-11D3-BF4B-00C04F79EFBC}") = "Domain", "Domain\Domain.csproj", "{343122B9-E21C-4103-97EB-A28518CCB2A6}"
EndProject
Global
	GlobalSection(SolutionConfigurationPlatforms) = preSolution
		Debug|Any CPU = Debug|Any CPU
		Release|Any CPU = Release|Any CPU
	EndGlobalSection
	GlobalSection(SolutionProperties) = preSolution
		HideSolutionNode = FALSE
	EndGlobalSection
	GlobalSection(ProjectConfigurationPlatforms) = postSolution
		{08F5C21A-63B0-45A6-895A-70B7B929C993}.Debug|Any CPU.ActiveCfg = Debug|Any CPU
		{08F5C21A-63B0-45A6-895A-70B7B929C993}.Debug|Any CPU.Build.0 = Debug|Any CPU
		{08F5C21A-63B0-45A6-895A-70B7B929C993}.Release|Any CPU.ActiveCfg = Release|Any CPU
		{08F5C21A-63B0-45A6-895A-70B7B929C993}.Release|Any CPU.Build.0 = Release|Any CPU
		{7FAF3122-D7B0-4EEB-A24A-6CBEF3FCD90B}.Debug|Any CPU.ActiveCfg = Debug|Any CPU
		{7FAF3122-D7B0-4EEB-A24A-6CBEF3FCD90B}.Debug|Any CPU.Build.0 = Debug|Any CPU
		{7FAF3122-D7B0-4EEB-A24A-6CBEF3FCD90B}.Release|Any CPU.ActiveCfg = Release|Any CPU
		{7FAF3122-D7B0-4EEB-A24A-6CBEF3FCD90B}.Release|Any CPU.Build.0 = Release|Any CPU
		{516CF0E8-CF87-4F0B-A534-DD5B6FC303E1}.Debug|Any CPU.ActiveCfg = Debug|Any CPU
		{516CF0E8-CF87-4F0B-A534-DD5B6FC303E1}.Debug|Any CPU.Build.0 = Debug|Any CPU
		{516CF0E8-CF87-4F0B-A534-DD5B6FC303E1}.Release|Any CPU.ActiveCfg = Release|Any CPU
		{516CF0E8-CF87-4F0B-A534-DD5B6FC303E1}.Release|Any CPU.Build.0 = Release|Any CPU
		{343122B9-E21C-4103-97EB-A28518CCB2A6}.Debug|Any CPU.ActiveCfg = Debug|Any CPU
		{343122B9-E21C-4103-97EB-A28518CCB2A6}.Debug|Any CPU.Build.0 = Debug|Any CPU
		{343122B9-E21C-4103-97EB-A28518CCB2A6}.Release|Any CPU.ActiveCfg = Release|Any CPU
		{343122B9-E21C-4103-97EB-A28518CCB2A6}.Release|Any CPU.Build.0 = Release|Any CPU
	EndGlobalSection
EndGlobal
